{
  "name": "hypixel",
  "version": "1.0.1",
  "lockfileVersion": 1,
  "requires": true,
  "dependencies": {
    "phin": {
      "version": "2.3.11",
      "resolved": "https://registry.npmjs.org/phin/-/phin-2.3.11.tgz",
      "integrity": "sha512-qktJKDW//WqM2I4ldNwaYG9c3/SUT8FQW/sMp2uWsBa9b7sRvEXsuwo1Dowgc+Fu8Amkl3RgjJvru8pzjNFCGA=="
    }
  }
}
